
Microsoft Visual Studio Solution File, Format Version 12.00
# Visual Studio Version 17
VisualStudioVersion = 17.7.34031.279
MinimumVisualStudioVersion = 10.0.40219.1
Project("{FAE04EC0-301F-11D3-BF4B-00C04F79EFBC}") = "taskManaggerAPI", "taskManaggerAPI\taskManaggerAPI.csproj", "{B972D161-6148-41D7-ABE8-8B9E95A67DD8}"
EndProject
Global
	GlobalSection(SolutionConfigurationPlatforms) = preSolution
		Debug|Any CPU = Debug|Any CPU
		Release|Any CPU = Release|Any CPU
	EndGlobalSection
	GlobalSection(ProjectConfigurationPlatforms) = postSolution
		{B972D161-6148-41D7-ABE8-8B9E95A67DD8}.Debug|Any CPU.ActiveCfg = Debug|Any CPU
		{B972D161-6148-41D7-ABE8-8B9E95A67DD8}.Debug|Any CPU.Build.0 = Debug|Any CPU
		{B972D161-6148-41D7-ABE8-8B9E95A67DD8}.Release|Any CPU.ActiveCfg = Release|Any CPU
		{B972D161-6148-41D7-ABE8-8B9E95A67DD8}.Release|Any CPU.Build.0 = Release|Any CPU
	EndGlobalSection
	GlobalSection(SolutionProperties) = preSolution
		HideSolutionNode = FALSE
	EndGlobalSection
	GlobalSection(ExtensibilityGlobals) = postSolution
		SolutionGuid = {22584D50-AA96-4047-BC77-B89429742EDB}
	EndGlobalSection
EndGlobal
